
Microsoft Visual Studio Solution File, Format Version 12.00
# Visual Studio Version 17
VisualStudioVersion = 17.3.32922.545
MinimumVisualStudioVersion = 10.0.40219.1
Project("{FAE04EC0-301F-11D3-BF4B-00C04F79EFBC}") = "kisa_sinav", "kisa_sinav\kisa_sinav.csproj", "{0A704C94-6FA0-4F51-9F01-CCDACD4E354B}"
EndProject
Global
	GlobalSection(SolutionConfigurationPlatforms) = preSolution
		Debug|Any CPU = Debug|Any CPU
		Release|Any CPU = Release|Any CPU
	EndGlobalSection
	GlobalSection(ProjectConfigurationPlatforms) = postSolution
		{0A704C94-6FA0-4F51-9F01-CCDACD4E354B}.Debug|Any CPU.ActiveCfg = Debug|Any CPU
		{0A704C94-6FA0-4F51-9F01-CCDACD4E354B}.Debug|Any CPU.Build.0 = Debug|Any CPU
		{0A704C94-6FA0-4F51-9F01-CCDACD4E354B}.Release|Any CPU.ActiveCfg = Release|Any CPU
		{0A704C94-6FA0-4F51-9F01-CCDACD4E354B}.Release|Any CPU.Build.0 = Release|Any CPU
	EndGlobalSection
	GlobalSection(SolutionProperties) = preSolution
		HideSolutionNode = FALSE
	EndGlobalSection
	GlobalSection(ExtensibilityGlobals) = postSolution
		SolutionGuid = {3CFE1F09-8DB9-4838-B9FD-284A3C00FFF1}
	EndGlobalSection
EndGlobal
